
Microsoft Visual Studio Solution File, Format Version 12.00
# Visual Studio Version 16
VisualStudioVersion = 16.0.29306.81
MinimumVisualStudioVersion = 10.0.40219.1
Project("{FAE04EC0-301F-11D3-BF4B-00C04F79EFBC}") = "OdeToFood.Web", "OdeToFood.Web\OdeToFood.Web.csproj", "{EC7E923E-0628-4DAE-9C94-AB5625CC3E8E}"
EndProject
Project("{FAE04EC0-301F-11D3-BF4B-00C04F79EFBC}") = "OdeToFood.Data", "OdeToFood.Data\OdeToFood.Data.csproj", "{90D67936-37ED-4D53-A41F-DC84C5DAD57E}"
EndProject
Global
	GlobalSection(SolutionConfigurationPlatforms) = preSolution
		Debug|Any CPU = Debug|Any CPU
		Release|Any CPU = Release|Any CPU
	EndGlobalSection
	GlobalSection(ProjectConfigurationPlatforms) = postSolution
		{EC7E923E-0628-4DAE-9C94-AB5625CC3E8E}.Debug|Any CPU.ActiveCfg = Debug|Any CPU
		{EC7E923E-0628-4DAE-9C94-AB5625CC3E8E}.Debug|Any CPU.Build.0 = Debug|Any CPU
		{EC7E923E-0628-4DAE-9C94-AB5625CC3E8E}.Release|Any CPU.ActiveCfg = Release|Any CPU
		{EC7E923E-0628-4DAE-9C94-AB5625CC3E8E}.Release|Any CPU.Build.0 = Release|Any CPU
		{90D67936-37ED-4D53-A41F-DC84C5DAD57E}.Debug|Any CPU.ActiveCfg = Debug|Any CPU
		{90D67936-37ED-4D53-A41F-DC84C5DAD57E}.Debug|Any CPU.Build.0 = Debug|Any CPU
		{90D67936-37ED-4D53-A41F-DC84C5DAD57E}.Release|Any CPU.ActiveCfg = Release|Any CPU
		{90D67936-37ED-4D53-A41F-DC84C5DAD57E}.Release|Any CPU.Build.0 = Release|Any CPU
	EndGlobalSection
	GlobalSection(SolutionProperties) = preSolution
		HideSolutionNode = FALSE
	EndGlobalSection
	GlobalSection(ExtensibilityGlobals) = postSolution
		SolutionGuid = {EF312C32-EA9D-47B0-A5EB-2399ED53BE4C}
	EndGlobalSection
EndGlobal
